// !$*UTF8*$!
{
	archiveVersion = 1;
	classes = {
	};
	objectVersion = 77;
	objects = {

/* Begin PBXBuildFile section */
		961CD85F2E0EEE9000542668 /* SnoreDoctorDataModel.xcdatamodeld in Sources */ = {isa = PBXBuildFile; fileRef = 961CD85D2E0EEE9000542668 /* SnoreDoctorDataModel.xcdatamodeld */; };
		961CD8862E0F5A6A00542668 /* SoundEvent+CoreDataClass.swift in Sources */ = {isa = PBXBuildFile; fileRef = 961CD8842E0F5A6A00542668 /* SoundEvent+CoreDataClass.swift */; };
		9642141D2E1987E30021CCA5 /* DailySleepReportView.swift in Sources */ = {isa = PBXBuildFile; fileRef = 9642141A2E1987E30021CCA5 /* DailySleepReportView.swift */; };
		9642141E2E1987E30021CCA5 /* AudioEventHistogramView.swift in Sources */ = {isa = PBXBuildFile; fileRef = 964214192E1987E30021CCA5 /* AudioEventHistogramView.swift */; };
		9642141F2E1987E30021CCA5 /* CalenderSleepReport.swift in Sources */ = {isa = PBXBuildFile; fileRef = 9642141B2E1987E30021CCA5 /* CalenderSleepReport.swift */; };
		964214212E19882F0021CCA5 /* Date+Extensions.swift in Sources */ = {isa = PBXBuildFile; fileRef = 964214202E19882F0021CCA5 /* Date+Extensions.swift */; };
		964214292E1988E70021CCA5 /* CalendarView.swift in Sources */ = {isa = PBXBuildFile; fileRef = 964214282E1988E70021CCA5 /* CalendarView.swift */; };
		965992042F5A36EA00804ADA /* PlaybackSettingsSection.swift in Sources */ = {isa = PBXBuildFile; fileRef = 965992032F5A36EA00804ADA /* PlaybackSettingsSection.swift */; };
		965992062F5A446000804ADA /* Assets.xcassets in Resources */ = {isa = PBXBuildFile; fileRef = 965992052F5A446000804ADA /* Assets.xcassets */; };
		96630FA72E20706E00C80E1B /* SnoreEvent+CoreDataClass.swift in Sources */ = {isa = PBXBuildFile; fileRef = 96630FA62E20706E00C80E1B /* SnoreEvent+CoreDataClass.swift */; };
		96630FA92E2074BA00C80E1B /* AnalysisSettingsSection.swift in Sources */ = {isa = PBXBuildFile; fileRef = 96630FA82E2074BA00C80E1B /* AnalysisSettingsSection.swift */; };
		96630FAB2E2074CA00C80E1B /* PostProcessingSection.swift in Sources */ = {isa = PBXBuildFile; fileRef = 96630FAA2E2074CA00C80E1B /* PostProcessingSection.swift */; };
		96630FAD2E2074D900C80E1B /* SettingSliderDouble.swift in Sources */ = {isa = PBXBuildFile; fileRef = 96630FAC2E2074D900C80E1B /* SettingSliderDouble.swift */; };
		96630FAF2E20756E00C80E1B /* AudioRecordingSection.swift in Sources */ = {isa = PBXBuildFile; fileRef = 96630FAE2E20756E00C80E1B /* AudioRecordingSection.swift */; };
		96630FB12E20757B00C80E1B /* DataManagementSection.swift in Sources */ = {isa = PBXBuildFile; fileRef = 96630FB02E20757B00C80E1B /* DataManagementSection.swift */; };
		96630FB32E207B5D00C80E1B /* SettingSliderInt.swift in Sources */ = {isa = PBXBuildFile; fileRef = 96630FB22E207B5D00C80E1B /* SettingSliderInt.swift */; };
		966F70BA2E11CFA400331451 /* RecordingSession+CoreDataClass.swift in Sources */ = {isa = PBXBuildFile; fileRef = 966F70B32E11CFA400331451 /* RecordingSession+CoreDataClass.swift */; };
		967A5AF32F60DA6100D9A5C6 /* SnoreEventBarChartViewContent.swift in Sources */ = {isa = PBXBuildFile; fileRef = 967A5AF22F60DA6100D9A5C6 /* SnoreEventBarChartViewContent.swift */; };
		967A5AF52F60DAD000D9A5C6 /* SnoreTrendLineChartView.swift in Sources */ = {isa = PBXBuildFile; fileRef = 967A5AF42F60DAB400D9A5C6 /* SnoreTrendLineChartView.swift */; };
		967A5AF72F60DAFC00D9A5C6 /* SnoreHeatmapView.swift in Sources */ = {isa = PBXBuildFile; fileRef = 967A5AF62F60DAF900D9A5C6 /* SnoreHeatmapView.swift */; };
		967A5AF92F60DE0000D9A5C6 /* TrendPoint.swift in Sources */ = {isa = PBXBuildFile; fileRef = 967A5AF82F60DE0000D9A5C6 /* TrendPoint.swift */; };
		967A5AFB2F60FBE700D9A5C6 /* HelpPopoverButton.swift in Sources */ = {isa = PBXBuildFile; fileRef = 967A5AFA2F60FBE700D9A5C6 /* HelpPopoverButton.swift */; };
		967A5AFE2F60FCCF00D9A5C6 /* HelpDefinition.swift in Sources */ = {isa = PBXBuildFile; fileRef = 967A5AFD2F60FCCF00D9A5C6 /* HelpDefinition.swift */; };
		967A5B002F60FCDB00D9A5C6 /* HelpDataFactory.swift in Sources */ = {isa = PBXBuildFile; fileRef = 967A5AFF2F60FCDB00D9A5C6 /* HelpDataFactory.swift */; };
		967A5C922F632FCA00D9A5C6 /* FileManager+Extension.swift in Sources */ = {isa = PBXBuildFile; fileRef = 967A5C912F632FCA00D9A5C6 /* FileManager+Extension.swift */; };
		967A5C932F632FCA00D9A5C6 /* FileManager+Extension.swift in Sources */ = {isa = PBXBuildFile; fileRef = 967A5C912F632FCA00D9A5C6 /* FileManager+Extension.swift */; };
		967A5C942F632FCA00D9A5C6 /* FileManager+Extension.swift in Sources */ = {isa = PBXBuildFile; fileRef = 967A5C912F632FCA00D9A5C6 /* FileManager+Extension.swift */; };
		967A5D9E2F63951000D9A5C6 /* View+Extension.swift in Sources */ = {isa = PBXBuildFile; fileRef = 967A5D9D2F63950800D9A5C6 /* View+Extension.swift */; };
		967A5D9F2F63951000D9A5C6 /* View+Extension.swift in Sources */ = {isa = PBXBuildFile; fileRef = 967A5D9D2F63950800D9A5C6 /* View+Extension.swift */; };
		967A5DA02F63951000D9A5C6 /* View+Extension.swift in Sources */ = {isa = PBXBuildFile; fileRef = 967A5D9D2F63950800D9A5C6 /* View+Extension.swift */; };
		967A5E262F63A4F900D9A5C6 /* AppFormatters.swift in Sources */ = {isa = PBXBuildFile; fileRef = 967A5E252F63A4F900D9A5C6 /* AppFormatters.swift */; };
		967A5E272F63A4F900D9A5C6 /* AppFormatters.swift in Sources */ = {isa = PBXBuildFile; fileRef = 967A5E252F63A4F900D9A5C6 /* AppFormatters.swift */; };
		967A5E282F63A4F900D9A5C6 /* AppFormatters.swift in Sources */ = {isa = PBXBuildFile; fileRef = 967A5E252F63A4F900D9A5C6 /* AppFormatters.swift */; };
		967A5E2A2F63A71E00D9A5C6 /* SessionTableViewCell.swift in Sources */ = {isa = PBXBuildFile; fileRef = 967A5E292F63A71E00D9A5C6 /* SessionTableViewCell.swift */; };
		967FD9A12F199A42000B1E50 /* ESC50_Model.mlpackage in Sources */ = {isa = PBXBuildFile; fileRef = 967FC9F12F199A41000B1E50 /* ESC50_Model.mlpackage */; };
		968CD78A2E11B145009F5DB2 /* SettingsView.swift in Sources */ = {isa = PBXBuildFile; fileRef = 968CD7892E11AD68009F5DB2 /* SettingsView.swift */; };
		968CD78E2E11B445009F5DB2 /* AppSettings.swift in Sources */ = {isa = PBXBuildFile; fileRef = 968CD78D2E11B445009F5DB2 /* AppSettings.swift */; };
		968D4DC62F22F056001A382E /* AudioPlaybackManager.swift in Sources */ = {isa = PBXBuildFile; fileRef = 968D4DC52F22F056001A382E /* AudioPlaybackManager.swift */; };
		968F989C2F19A48500C55380 /* MySoundClassifier1.mlpackage in Sources */ = {isa = PBXBuildFile; fileRef = 968F989B2F19A48500C55380 /* MySoundClassifier1.mlpackage */; };
		968F994F2F19A96F00C55380 /* Localizable.strings in Resources */ = {isa = PBXBuildFile; fileRef = F5C5C7AD2E17278D00D8B49A /* Localizable.strings */; };
		968F99522F19A9C300C55380 /* README.md in Resources */ = {isa = PBXBuildFile; fileRef = 968F99512F19A9C300C55380 /* README.md */; };
		968F99542F19A9D200C55380 /* LICENSE in Resources */ = {isa = PBXBuildFile; fileRef = 968F99532F19A9D200C55380 /* LICENSE */; };
		969D3DC32EA2DC2C007767DA /* SnoreEventListView.swift in Sources */ = {isa = PBXBuildFile; fileRef = 969D3DC22EA2DC2C007767DA /* SnoreEventListView.swift */; };
		96A24B092ECD3AF40072C1B9 /* SoundRecognitionManager.swift in Sources */ = {isa = PBXBuildFile; fileRef = 96A24B082ECD3AF40072C1B9 /* SoundRecognitionManager.swift */; };
		96BDA72F2E12042D00DB5364 /* EventMarker.swift in Sources */ = {isa = PBXBuildFile; fileRef = 96BDA72E2E12042D00DB5364 /* EventMarker.swift */; };
		96C8DE802E280FA900549E31 /* SessionDetailReport.swift in Sources */ = {isa = PBXBuildFile; fileRef = 96C8DE7F2E280FA900549E31 /* SessionDetailReport.swift */; };
		96DA36462E122736001D8F43 /* SnoreAnalysisReport.swift in Sources */ = {isa = PBXBuildFile; fileRef = 96DA36432E122736001D8F43 /* SnoreAnalysisReport.swift */; };
		96DA36672E122F70001D8F43 /* SoundEvent+Extensions.swift in Sources */ = {isa = PBXBuildFile; fileRef = 96DA36662E122F69001D8F43 /* SoundEvent+Extensions.swift */; };
		96DA366C2E12325B001D8F43 /* ChartColorProvider.swift in Sources */ = {isa = PBXBuildFile; fileRef = 96DA366B2E123258001D8F43 /* ChartColorProvider.swift */; };
		96DA36702E123489001D8F43 /* SoundEventType.swift in Sources */ = {isa = PBXBuildFile; fileRef = 96DA366F2E123489001D8F43 /* SoundEventType.swift */; };
		96DA367C2E124039001D8F43 /* SoundEventPlaybackDelegate.swift in Sources */ = {isa = PBXBuildFile; fileRef = 96DA367B2E124039001D8F43 /* SoundEventPlaybackDelegate.swift */; };
		96DA367E2E124072001D8F43 /* SoundEventListView.swift in Sources */ = {isa = PBXBuildFile; fileRef = 96DA367D2E124072001D8F43 /* SoundEventListView.swift */; };
		96DA36802E125487001D8F43 /* SnoreDoctorEventNameHistogramView.swift in Sources */ = {isa = PBXBuildFile; fileRef = 96DA367F2E125487001D8F43 /* SnoreDoctorEventNameHistogramView.swift */; };
		96DDD8CB2E259D1D0076F298 /* ChartType.swift in Sources */ = {isa = PBXBuildFile; fileRef = 96DDD8CA2E259D1D0076F298 /* ChartType.swift */; };
		96DDD8CD2E259D350076F298 /* SnoreEventChartContent.swift in Sources */ = {isa = PBXBuildFile; fileRef = 96DDD8CC2E259D350076F298 /* SnoreEventChartContent.swift */; };
		96DDD8CF2E259D710076F298 /* ScatterChart.swift in Sources */ = {isa = PBXBuildFile; fileRef = 96DDD8CE2E259D710076F298 /* ScatterChart.swift */; };
		96DDD8D12E259D7E0076F298 /* BarChart.swift in Sources */ = {isa = PBXBuildFile; fileRef = 96DDD8D02E259D7E0076F298 /* BarChart.swift */; };
		96DDD8D32E259D8D0076F298 /* LineChart.swift in Sources */ = {isa = PBXBuildFile; fileRef = 96DDD8D22E259D8D0076F298 /* LineChart.swift */; };
		96DDD8D52E259D9C0076F298 /* BoxPlotChart.swift in Sources */ = {isa = PBXBuildFile; fileRef = 96DDD8D42E259D9C0076F298 /* BoxPlotChart.swift */; };
		96DF26032DF725B6003498DA /* MessagePack in Frameworks */ = {isa = PBXBuildFile; productRef = 96DF26022DF725B6003498DA /* MessagePack */; };
		96EF9E442F4B138F00420506 /* SummaryCard.swift in Sources */ = {isa = PBXBuildFile; fileRef = 96EF9E432F4B138F00420506 /* SummaryCard.swift */; };
		96EF9E462F4B155300420506 /* SessionSidebarListView.swift in Sources */ = {isa = PBXBuildFile; fileRef = 96EF9E452F4B155300420506 /* SessionSidebarListView.swift */; };
		96F681D62E2D94FD00841E70 /* AudioRecorderManager.swift in Sources */ = {isa = PBXBuildFile; fileRef = 96F681D52E2D94FD00841E70 /* AudioRecorderManager.swift */; };
		96F681D82E2D950800841E70 /* AudioEngineManager.swift in Sources */ = {isa = PBXBuildFile; fileRef = 96F681D72E2D950800841E70 /* AudioEngineManager.swift */; };
		96F682062E2D980B00841E70 /* AudioPlaybackViewModel.swift in Sources */ = {isa = PBXBuildFile; fileRef = 96F682052E2D980B00841E70 /* AudioPlaybackViewModel.swift */; };
		96F682342E30355E00841E70 /* AudioAnalysisError.swift in Sources */ = {isa = PBXBuildFile; fileRef = 96F682332E30355E00841E70 /* AudioAnalysisError.swift */; };
		F5C5C7B42E1729EF00D8B49A /* String+Extensions.swift in Sources */ = {isa = PBXBuildFile; fileRef = F5C5C7B32E1729EF00D8B49A /* String+Extensions.swift */; };
/* End PBXBuildFile section */

/* Begin PBXContainerItemProxy section */
		96B49EC32DCFDB9300D779F9 /* PBXContainerItemProxy */ = {
			isa = PBXContainerItemProxy;
			containerPortal = 96B49EA42DCFDB9200D779F9 /* Project object */;
			proxyType = 1;
			remoteGlobalIDString = 96B49EAB2DCFDB9200D779F9;
			remoteInfo = SnoreDoctorDemo;
		};
		96B49ECD2DCFDB9300D779F9 /* PBXContainerItemProxy */ = {
			isa = PBXContainerItemProxy;
			containerPortal = 96B49EA42DCFDB9200D779F9 /* Project object */;
			proxyType = 1;
			remoteGlobalIDString = 96B49EAB2DCFDB9200D779F9;
			remoteInfo = SnoreDoctorDemo;
		};
/* End PBXContainerItemProxy section */

/* Begin PBXFileReference section */
		961CD85E2E0EEE9000542668 /* SnoreDoctorDataModel.xcdatamodel */ = {isa = PBXFileReference; lastKnownFileType = wrapper.xcdatamodel; path = SnoreDoctorDataModel.xcdatamodel; sourceTree = "<group>"; };
		961CD8842E0F5A6A00542668 /* SoundEvent+CoreDataClass.swift */ = {isa = PBXFileReference; lastKnownFileType = sourcecode.swift; path = "SoundEvent+CoreDataClass.swift"; sourceTree = "<group>"; };
		964214192E1987E30021CCA5 /* AudioEventHistogramView.swift */ = {isa = PBXFileReference; lastKnownFileType = sourcecode.swift; path = AudioEventHistogramView.swift; sourceTree = "<group>"; };
		9642141A2E1987E30021CCA5 /* DailySleepReportView.swift */ = {isa = PBXFileReference; lastKnownFileType = sourcecode.swift; path = DailySleepReportView.swift; sourceTree = "<group>"; };
		9642141B2E1987E30021CCA5 /* CalenderSleepReport.swift */ = {isa = PBXFileReference; lastKnownFileType = sourcecode.swift; path = CalenderSleepReport.swift; sourceTree = "<group>"; };
		964214202E19882F0021CCA5 /* Date+Extensions.swift */ = {isa = PBXFileReference; lastKnownFileType = sourcecode.swift; path = "Date+Extensions.swift"; sourceTree = "<group>"; };
		964214282E1988E70021CCA5 /* CalendarView.swift */ = {isa = PBXFileReference; lastKnownFileType = sourcecode.swift; path = CalendarView.swift; sourceTree = "<group>"; };
		965992032F5A36EA00804ADA /* PlaybackSettingsSection.swift */ = {isa = PBXFileReference; lastKnownFileType = sourcecode.swift; path = PlaybackSettingsSection.swift; sourceTree = "<group>"; };
		965992052F5A446000804ADA /* Assets.xcassets */ = {isa = PBXFileReference; lastKnownFileType = folder.assetcatalog; path = Assets.xcassets; sourceTree = "<group>"; };
		96630FA62E20706E00C80E1B /* SnoreEvent+CoreDataClass.swift */ = {isa = PBXFileReference; lastKnownFileType = sourcecode.swift; path = "SnoreEvent+CoreDataClass.swift"; sourceTree = "<group>"; };
		96630FA82E2074BA00C80E1B /* AnalysisSettingsSection.swift */ = {isa = PBXFileReference; lastKnownFileType = sourcecode.swift; path = AnalysisSettingsSection.swift; sourceTree = "<group>"; };
		96630FAA2E2074CA00C80E1B /* PostProcessingSection.swift */ = {isa = PBXFileReference; lastKnownFileType = sourcecode.swift; path = PostProcessingSection.swift; sourceTree = "<group>"; };
		96630FAC2E2074D900C80E1B /* SettingSliderDouble.swift */ = {isa = PBXFileReference; lastKnownFileType = sourcecode.swift; path = SettingSliderDouble.swift; sourceTree = "<group>"; };
		96630FAE2E20756E00C80E1B /* AudioRecordingSection.swift */ = {isa = PBXFileReference; lastKnownFileType = sourcecode.swift; path = AudioRecordingSection.swift; sourceTree = "<group>"; };
		96630FB02E20757B00C80E1B /* DataManagementSection.swift */ = {isa = PBXFileReference; lastKnownFileType = sourcecode.swift; path = DataManagementSection.swift; sourceTree = "<group>"; };
		96630FB22E207B5D00C80E1B /* SettingSliderInt.swift */ = {isa = PBXFileReference; lastKnownFileType = sourcecode.swift; path = SettingSliderInt.swift; sourceTree = "<group>"; };
		966F70B32E11CFA400331451 /* RecordingSession+CoreDataClass.swift */ = {isa = PBXFileReference; lastKnownFileType = sourcecode.swift; path = "RecordingSession+CoreDataClass.swift"; sourceTree = "<group>"; };
		967A5AF22F60DA6100D9A5C6 /* SnoreEventBarChartViewContent.swift */ = {isa = PBXFileReference; lastKnownFileType = sourcecode.swift; path = SnoreEventBarChartViewContent.swift; sourceTree = "<group>"; };
		967A5AF42F60DAB400D9A5C6 /* SnoreTrendLineChartView.swift */ = {isa = PBXFileReference; lastKnownFileType = sourcecode.swift; path = SnoreTrendLineChartView.swift; sourceTree = "<group>"; };
		967A5AF62F60DAF900D9A5C6 /* SnoreHeatmapView.swift */ = {isa = PBXFileReference; lastKnownFileType = sourcecode.swift; path = SnoreHeatmapView.swift; sourceTree = "<group>"; };
		967A5AF82F60DE0000D9A5C6 /* TrendPoint.swift */ = {isa = PBXFileReference; lastKnownFileType = sourcecode.swift; path = TrendPoint.swift; sourceTree = "<group>"; };
		967A5AFA2F60FBE700D9A5C6 /* HelpPopoverButton.swift */ = {isa = PBXFileReference; lastKnownFileType = sourcecode.swift; path = HelpPopoverButton.swift; sourceTree = "<group>"; };
		967A5AFD2F60FCCF00D9A5C6 /* HelpDefinition.swift */ = {isa = PBXFileReference; lastKnownFileType = sourcecode.swift; path = HelpDefinition.swift; sourceTree = "<group>"; };
		967A5AFF2F60FCDB00D9A5C6 /* HelpDataFactory.swift */ = {isa = PBXFileReference; lastKnownFileType = sourcecode.swift; path = HelpDataFactory.swift; sourceTree = "<group>"; };
		967A5C912F632FCA00D9A5C6 /* FileManager+Extension.swift */ = {isa = PBXFileReference; lastKnownFileType = sourcecode.swift; path = "FileManager+Extension.swift"; sourceTree = "<group>"; };
		967A5D9D2F63950800D9A5C6 /* View+Extension.swift */ = {isa = PBXFileReference; lastKnownFileType = sourcecode.swift; path = "View+Extension.swift"; sourceTree = "<group>"; };
		967A5E252F63A4F900D9A5C6 /* AppFormatters.swift */ = {isa = PBXFileReference; lastKnownFileType = sourcecode.swift; path = AppFormatters.swift; sourceTree = "<group>"; };
		967A5E292F63A71E00D9A5C6 /* SessionTableViewCell.swift */ = {isa = PBXFileReference; lastKnownFileType = sourcecode.swift; path = SessionTableViewCell.swift; sourceTree = "<group>"; };
		967FC9F12F199A41000B1E50 /* ESC50_Model.mlpackage */ = {isa = PBXFileReference; lastKnownFileType = folder.mlpackage; path = ESC50_Model.mlpackage; sourceTree = "<group>"; };
		968CD7892E11AD68009F5DB2 /* SettingsView.swift */ = {isa = PBXFileReference; lastKnownFileType = sourcecode.swift; path = SettingsView.swift; sourceTree = "<group>"; };
		968CD78D2E11B445009F5DB2 /* AppSettings.swift */ = {isa = PBXFileReference; lastKnownFileType = sourcecode.swift; path = AppSettings.swift; sourceTree = "<group>"; };
		968D4DC52F22F056001A382E /* AudioPlaybackManager.swift */ = {isa = PBXFileReference; lastKnownFileType = sourcecode.swift; path = AudioPlaybackManager.swift; sourceTree = "<group>"; };
		968F989B2F19A48500C55380 /* MySoundClassifier1.mlpackage */ = {isa = PBXFileReference; lastKnownFileType = folder.mlpackage; path = MySoundClassifier1.mlpackage; sourceTree = "<group>"; };
		968F99512F19A9C300C55380 /* README.md */ = {isa = PBXFileReference; lastKnownFileType = net.daringfireball.markdown; path = README.md; sourceTree = "<group>"; };
		968F99532F19A9D200C55380 /* LICENSE */ = {isa = PBXFileReference; lastKnownFileType = text; path = LICENSE; sourceTree = "<group>"; };
		969D3DC22EA2DC2C007767DA /* SnoreEventListView.swift */ = {isa = PBXFileReference; lastKnownFileType = sourcecode.swift; path = SnoreEventListView.swift; sourceTree = "<group>"; };
		96A24B082ECD3AF40072C1B9 /* SoundRecognitionManager.swift */ = {isa = PBXFileReference; lastKnownFileType = sourcecode.swift; path = SoundRecognitionManager.swift; sourceTree = "<group>"; };
		96B49EAC2DCFDB9200D779F9 /* SnoreDoctorDemo.app */ = {isa = PBXFileReference; explicitFileType = wrapper.application; includeInIndex = 0; path = SnoreDoctorDemo.app; sourceTree = BUILT_PRODUCTS_DIR; };
		96B49EC22DCFDB9300D779F9 /* SnoreDoctorDemoTests.xctest */ = {isa = PBXFileReference; explicitFileType = wrapper.cfbundle; includeInIndex = 0; path = SnoreDoctorDemoTests.xctest; sourceTree = BUILT_PRODUCTS_DIR; };
		96B49ECC2DCFDB9300D779F9 /* SnoreDoctorDemoUITests.xctest */ = {isa = PBXFileReference; explicitFileType = wrapper.cfbundle; includeInIndex = 0; path = SnoreDoctorDemoUITests.xctest; sourceTree = BUILT_PRODUCTS_DIR; };
		96BDA72E2E12042D00DB5364 /* EventMarker.swift */ = {isa = PBXFileReference; lastKnownFileType = sourcecode.swift; path = EventMarker.swift; sourceTree = "<group>"; };
		96C8DE7F2E280FA900549E31 /* SessionDetailReport.swift */ = {isa = PBXFileReference; lastKnownFileType = sourcecode.swift; path = SessionDetailReport.swift; sourceTree = "<group>"; };
		96DA36432E122736001D8F43 /* SnoreAnalysisReport.swift */ = {isa = PBXFileReference; lastKnownFileType = sourcecode.swift; path = SnoreAnalysisReport.swift; sourceTree = "<group>"; };
		96DA36662E122F69001D8F43 /* SoundEvent+Extensions.swift */ = {isa = PBXFileReference; lastKnownFileType = sourcecode.swift; path = "SoundEvent+Extensions.swift"; sourceTree = "<group>"; };
		96DA366B2E123258001D8F43 /* ChartColorProvider.swift */ = {isa = PBXFileReference; lastKnownFileType = sourcecode.swift; path = ChartColorProvider.swift; sourceTree = "<group>"; };
		96DA366F2E123489001D8F43 /* SoundEventType.swift */ = {isa = PBXFileReference; lastKnownFileType = sourcecode.swift; path = SoundEventType.swift; sourceTree = "<group>"; };
		96DA367B2E124039001D8F43 /* SoundEventPlaybackDelegate.swift */ = {isa = PBXFileReference; lastKnownFileType = sourcecode.swift; path = SoundEventPlaybackDelegate.swift; sourceTree = "<group>"; };
		96DA367D2E124072001D8F43 /* SoundEventListView.swift */ = {isa = PBXFileReference; lastKnownFileType = sourcecode.swift; path = SoundEventListView.swift; sourceTree = "<group>"; };
		96DA367F2E125487001D8F43 /* SnoreDoctorEventNameHistogramView.swift */ = {isa = PBXFileReference; lastKnownFileType = sourcecode.swift; path = SnoreDoctorEventNameHistogramView.swift; sourceTree = "<group>"; };
		96DDD8CA2E259D1D0076F298 /* ChartType.swift */ = {isa = PBXFileReference; lastKnownFileType = sourcecode.swift; path = ChartType.swift; sourceTree = "<group>"; };
		96DDD8CC2E259D350076F298 /* SnoreEventChartContent.swift */ = {isa = PBXFileReference; lastKnownFileType = sourcecode.swift; path = SnoreEventChartContent.swift; sourceTree = "<group>"; };
		96DDD8CE2E259D710076F298 /* ScatterChart.swift */ = {isa = PBXFileReference; lastKnownFileType = sourcecode.swift; path = ScatterChart.swift; sourceTree = "<group>"; };
		96DDD8D02E259D7E0076F298 /* BarChart.swift */ = {isa = PBXFileReference; lastKnownFileType = sourcecode.swift; path = BarChart.swift; sourceTree = "<group>"; };
		96DDD8D22E259D8D0076F298 /* LineChart.swift */ = {isa = PBXFileReference; lastKnownFileType = sourcecode.swift; path = LineChart.swift; sourceTree = "<group>"; };
		96DDD8D42E259D9C0076F298 /* BoxPlotChart.swift */ = {isa = PBXFileReference; lastKnownFileType = sourcecode.swift; path = BoxPlotChart.swift; sourceTree = "<group>"; };
		96EF9E432F4B138F00420506 /* SummaryCard.swift */ = {isa = PBXFileReference; lastKnownFileType = sourcecode.swift; path = SummaryCard.swift; sourceTree = "<group>"; };
		96EF9E452F4B155300420506 /* SessionSidebarListView.swift */ = {isa = PBXFileReference; lastKnownFileType = sourcecode.swift; path = SessionSidebarListView.swift; sourceTree = "<group>"; };
		96F681D52E2D94FD00841E70 /* AudioRecorderManager.swift */ = {isa = PBXFileReference; lastKnownFileType = sourcecode.swift; path = AudioRecorderManager.swift; sourceTree = "<group>"; };
		96F681D72E2D950800841E70 /* AudioEngineManager.swift */ = {isa = PBXFileReference; lastKnownFileType = sourcecode.swift; path = AudioEngineManager.swift; sourceTree = "<group>"; };
		96F682052E2D980B00841E70 /* AudioPlaybackViewModel.swift */ = {isa = PBXFileReference; lastKnownFileType = sourcecode.swift; path = AudioPlaybackViewModel.swift; sourceTree = "<group>"; };
		96F682332E30355E00841E70 /* AudioAnalysisError.swift */ = {isa = PBXFileReference; lastKnownFileType = sourcecode.swift; path = AudioAnalysisError.swift; sourceTree = "<group>"; };
		F5C5C7AE2E17278D00D8B49A /* en */ = {isa = PBXFileReference; lastKnownFileType = text.plist.strings; name = en; path = en.lproj/Localizable.strings; sourceTree = "<group>"; };
		F5C5C7B02E17279700D8B49A /* de */ = {isa = PBXFileReference; lastKnownFileType = text.plist.strings; name = de; path = de.lproj/Localizable.strings; sourceTree = "<group>"; };
		F5C5C7B32E1729EF00D8B49A /* String+Extensions.swift */ = {isa = PBXFileReference; lastKnownFileType = sourcecode.swift; path = "String+Extensions.swift"; sourceTree = "<group>"; };
/* End PBXFileReference section */

/* Begin PBXFileSystemSynchronizedBuildFileExceptionSet section */
		968F99502F19A98D00C55380 /* Exceptions for "SnoreDoctorDemo" folder in "SnoreDoctorDemo" target */ = {
			isa = PBXFileSystemSynchronizedBuildFileExceptionSet;
			membershipExceptions = (
				Info.plist,
			);
			target = 96B49EAB2DCFDB9200D779F9 /* SnoreDoctorDemo */;
		};
/* End PBXFileSystemSynchronizedBuildFileExceptionSet section */

/* Begin PBXFileSystemSynchronizedRootGroup section */
		9612D4BC2E0B502C0022BAED /* DataBase */ = {
			isa = PBXFileSystemSynchronizedRootGroup;
			path = DataBase;
			sourceTree = "<group>";
		};
		965991C82F5A2A2D00804ADA /* Bounces */ = {
			isa = PBXFileSystemSynchronizedRootGroup;
			path = Bounces;
			sourceTree = "<group>";
		};
		965EB68F2DD2C45B00D07B50 /* Networking */ = {
			isa = PBXFileSystemSynchronizedRootGroup;
			path = Networking;
			sourceTree = "<group>";
		};
		965EB6902DD2C71000D07B50 /* ViewModels */ = {
			isa = PBXFileSystemSynchronizedRootGroup;
			path = ViewModels;
			sourceTree = "<group>";
		};
		96B49EAE2DCFDB9200D779F9 /* SnoreDoctorDemo */ = {
			isa = PBXFileSystemSynchronizedRootGroup;
			exceptions = (
				968F99502F19A98D00C55380 /* Exceptions for "SnoreDoctorDemo" folder in "SnoreDoctorDemo" target */,
			);
			path = SnoreDoctorDemo;
			sourceTree = "<group>";
		};
		96B49EC52DCFDB9300D779F9 /* SnoreDoctorDemoTests */ = {
			isa = PBXFileSystemSynchronizedRootGroup;
			path = SnoreDoctorDemoTests;
			sourceTree = "<group>";
		};
		96B49ECF2DCFDB9300D779F9 /* SnoreDoctorDemoUITests */ = {
			isa = PBXFileSystemSynchronizedRootGroup;
			path = SnoreDoctorDemoUITests;
			sourceTree = "<group>";
		};
/* End PBXFileSystemSynchronizedRootGroup section */

/* Begin PBXFrameworksBuildPhase section */
		96B49EA92DCFDB9200D779F9 /* Frameworks */ = {
			isa = PBXFrameworksBuildPhase;
			buildActionMask = 2147483647;
			files = (
				96DF26032DF725B6003498DA /* MessagePack in Frameworks */,
			);
			runOnlyForDeploymentPostprocessing = 0;
		};
		96B49EBF2DCFDB9300D779F9 /* Frameworks */ = {
			isa = PBXFrameworksBuildPhase;
			buildActionMask = 2147483647;
			files = (
			);
			runOnlyForDeploymentPostprocessing = 0;
		};
		96B49EC92DCFDB9300D779F9 /* Frameworks */ = {
			isa = PBXFrameworksBuildPhase;
			buildActionMask = 2147483647;
			files = (
			);
			runOnlyForDeploymentPostprocessing = 0;
		};
/* End PBXFrameworksBuildPhase section */

/* Begin PBXGroup section */
		961CD8882E0F5D3300542668 /* Models */ = {
			isa = PBXGroup;
			children = (
				96630FA62E20706E00C80E1B /* SnoreEvent+CoreDataClass.swift */,
				96DA36662E122F69001D8F43 /* SoundEvent+Extensions.swift */,
				961CD8842E0F5A6A00542668 /* SoundEvent+CoreDataClass.swift */,
				966F70B32E11CFA400331451 /* RecordingSession+CoreDataClass.swift */,
			);
			path = Models;
			sourceTree = "<group>";
		};
		9642141C2E1987E30021CCA5 /* Report */ = {
			isa = PBXGroup;
			children = (
				96EF9E452F4B155300420506 /* SessionSidebarListView.swift */,
				9642141B2E1987E30021CCA5 /* CalenderSleepReport.swift */,
				96DA36432E122736001D8F43 /* SnoreAnalysisReport.swift */,
				96C8DE7F2E280FA900549E31 /* SessionDetailReport.swift */,
			);
			path = Report;
			sourceTree = "<group>";
		};
		967A5AFC2F60FCB400D9A5C6 /* Help */ = {
			isa = PBXGroup;
			children = (
				967A5AFF2F60FCDB00D9A5C6 /* HelpDataFactory.swift */,
				967A5AFD2F60FCCF00D9A5C6 /* HelpDefinition.swift */,
				967A5AFA2F60FBE700D9A5C6 /* HelpPopoverButton.swift */,
			);
			path = Help;
			sourceTree = "<group>";
		};
		967D386E2F2B01550032FDEE /* Resources */ = {
			isa = PBXGroup;
			children = (
				965991C82F5A2A2D00804ADA /* Bounces */,
			);
			path = Resources;
			sourceTree = "<group>";
		};
		967FC9F32F199A41000B1E50 /* AI */ = {
			isa = PBXGroup;
			children = (
				968F989B2F19A48500C55380 /* MySoundClassifier1.mlpackage */,
				967FC9F12F199A41000B1E50 /* ESC50_Model.mlpackage */,
			);
			path = AI;
			sourceTree = "<group>";
		};
		968CD77F2E119D77009F5DB2 /* Audio */ = {
			isa = PBXGroup;
			children = (
				96A24B082ECD3AF40072C1B9 /* SoundRecognitionManager.swift */,
				96DA367B2E124039001D8F43 /* SoundEventPlaybackDelegate.swift */,
				96F682332E30355E00841E70 /* AudioAnalysisError.swift */,
				96F682052E2D980B00841E70 /* AudioPlaybackViewModel.swift */,
				968D4DC52F22F056001A382E /* AudioPlaybackManager.swift */,
				96F681D72E2D950800841E70 /* AudioEngineManager.swift */,
				96F681D52E2D94FD00841E70 /* AudioRecorderManager.swift */,
				96BDA72E2E12042D00DB5364 /* EventMarker.swift */,
			);
			path = Audio;
			sourceTree = "<group>";
		};
		968CD7882E11AD60009F5DB2 /* Settings */ = {
			isa = PBXGroup;
			children = (
				965992032F5A36EA00804ADA /* PlaybackSettingsSection.swift */,
				96630FB22E207B5D00C80E1B /* SettingSliderInt.swift */,
				96630FAC2E2074D900C80E1B /* SettingSliderDouble.swift */,
				96630FB02E20757B00C80E1B /* DataManagementSection.swift */,
				96630FAE2E20756E00C80E1B /* AudioRecordingSection.swift */,
				96630FAA2E2074CA00C80E1B /* PostProcessingSection.swift */,
				96630FA82E2074BA00C80E1B /* AnalysisSettingsSection.swift */,
				968CD78D2E11B445009F5DB2 /* AppSettings.swift */,
				968CD7892E11AD68009F5DB2 /* SettingsView.swift */,
			);
			path = Settings;
			sourceTree = "<group>";
		};
		96B49EA32DCFDB9200D779F9 = {
			isa = PBXGroup;
			children = (
				967A5AFC2F60FCB400D9A5C6 /* Help */,
				965992052F5A446000804ADA /* Assets.xcassets */,
				968F99532F19A9D200C55380 /* LICENSE */,
				968F99512F19A9C300C55380 /* README.md */,
				967FC9F32F199A41000B1E50 /* AI */,
				9642141C2E1987E30021CCA5 /* Report */,
				F5C5C7B12E17284600D8B49A /* Extensions */,
				F5C5C7AD2E17278D00D8B49A /* Localizable.strings */,
				96DA36682E1231FA001D8F43 /* Views */,
				968CD7882E11AD60009F5DB2 /* Settings */,
				968CD77F2E119D77009F5DB2 /* Audio */,
				961CD8882E0F5D3300542668 /* Models */,
				961CD85D2E0EEE9000542668 /* SnoreDoctorDataModel.xcdatamodeld */,
				9612D4BC2E0B502C0022BAED /* DataBase */,
				965EB6902DD2C71000D07B50 /* ViewModels */,
				965EB68F2DD2C45B00D07B50 /* Networking */,
				96B49EAE2DCFDB9200D779F9 /* SnoreDoctorDemo */,
				96B49EC52DCFDB9300D779F9 /* SnoreDoctorDemoTests */,
				96B49ECF2DCFDB9300D779F9 /* SnoreDoctorDemoUITests */,
				96B49EAD2DCFDB9200D779F9 /* Products */,
				967D386E2F2B01550032FDEE /* Resources */,
			);
			sourceTree = "<group>";
		};
		96B49EAD2DCFDB9200D779F9 /* Products */ = {
			isa = PBXGroup;
			children = (
				96B49EAC2DCFDB9200D779F9 /* SnoreDoctorDemo.app */,
				96B49EC22DCFDB9300D779F9 /* SnoreDoctorDemoTests.xctest */,
				96B49ECC2DCFDB9300D779F9 /* SnoreDoctorDemoUITests.xctest */,
			);
			name = Products;
			sourceTree = "<group>";
		};
		96DA36682E1231FA001D8F43 /* Views */ = {
			isa = PBXGroup;
			children = (
				967A5E292F63A71E00D9A5C6 /* SessionTableViewCell.swift */,
				967A5AF82F60DE0000D9A5C6 /* TrendPoint.swift */,
				967A5AF62F60DAF900D9A5C6 /* SnoreHeatmapView.swift */,
				967A5AF42F60DAB400D9A5C6 /* SnoreTrendLineChartView.swift */,
				967A5AF22F60DA6100D9A5C6 /* SnoreEventBarChartViewContent.swift */,
				969D3DC22EA2DC2C007767DA /* SnoreEventListView.swift */,
				96DDD8D42E259D9C0076F298 /* BoxPlotChart.swift */,
				96DDD8D22E259D8D0076F298 /* LineChart.swift */,
				96DDD8D02E259D7E0076F298 /* BarChart.swift */,
				96DDD8CE2E259D710076F298 /* ScatterChart.swift */,
				96DDD8CC2E259D350076F298 /* SnoreEventChartContent.swift */,
				96DDD8CA2E259D1D0076F298 /* ChartType.swift */,
				96DA367F2E125487001D8F43 /* SnoreDoctorEventNameHistogramView.swift */,
				96DA366F2E123489001D8F43 /* SoundEventType.swift */,
				96DA366B2E123258001D8F43 /* ChartColorProvider.swift */,
				96DA367D2E124072001D8F43 /* SoundEventListView.swift */,
				9642141A2E1987E30021CCA5 /* DailySleepReportView.swift */,
				964214282E1988E70021CCA5 /* CalendarView.swift */,
				96EF9E432F4B138F00420506 /* SummaryCard.swift */,
				964214192E1987E30021CCA5 /* AudioEventHistogramView.swift */,
			);
			path = Views;
			sourceTree = "<group>";
		};
		F5C5C7B12E17284600D8B49A /* Extensions */ = {
			isa = PBXGroup;
			children = (
				967A5E252F63A4F900D9A5C6 /* AppFormatters.swift */,
				F5C5C7B32E1729EF00D8B49A /* String+Extensions.swift */,
				964214202E19882F0021CCA5 /* Date+Extensions.swift */,
				967A5D9D2F63950800D9A5C6 /* View+Extension.swift */,
				967A5C912F632FCA00D9A5C6 /* FileManager+Extension.swift */,
			);
			path = Extensions;
			sourceTree = "<group>";
		};
/* End PBXGroup section */

/* Begin PBXNativeTarget section */
		96B49EAB2DCFDB9200D779F9 /* SnoreDoctorDemo */ = {
			isa = PBXNativeTarget;
			buildConfigurationList = 96B49ED52DCFDB9300D779F9 /* Build configuration list for PBXNativeTarget "SnoreDoctorDemo" */;
			buildPhases = (
				96B49EA82DCFDB9200D779F9 /* Sources */,
				96B49EA92DCFDB9200D779F9 /* Frameworks */,
				968F98F02F19A8DB00C55380 /* Resources */,
			);
			buildRules = (
			);
			dependencies = (
			);
			fileSystemSynchronizedGroups = (
				9612D4BC2E0B502C0022BAED /* DataBase */,
				965991C82F5A2A2D00804ADA /* Bounces */,
				965EB68F2DD2C45B00D07B50 /* Networking */,
				965EB6902DD2C71000D07B50 /* ViewModels */,
				96B49EAE2DCFDB9200D779F9 /* SnoreDoctorDemo */,
			);
			name = SnoreDoctorDemo;
			packageProductDependencies = (
				96DF26022DF725B6003498DA /* MessagePack */,
			);
			productName = SnoreDoctorDemo;
			productReference = 96B49EAC2DCFDB9200D779F9 /* SnoreDoctorDemo.app */;
			productType = "com.apple.product-type.application";
		};
		96B49EC12DCFDB9300D779F9 /* SnoreDoctorDemoTests */ = {
			isa = PBXNativeTarget;
			buildConfigurationList = 96B49EDA2DCFDB9300D779F9 /* Build configuration list for PBXNativeTarget "SnoreDoctorDemoTests" */;
			buildPhases = (
				96B49EBE2DCFDB9300D779F9 /* Sources */,
				96B49EBF2DCFDB9300D779F9 /* Frameworks */,
				96B49EC02DCFDB9300D779F9 /* Resources */,
			);
			buildRules = (
			);
			dependencies = (
				96B49EC42DCFDB9300D779F9 /* PBXTargetDependency */,
			);
			fileSystemSynchronizedGroups = (
				965991C82F5A2A2D00804ADA /* Bounces */,
				96B49EC52DCFDB9300D779F9 /* SnoreDoctorDemoTests */,
			);
			name = SnoreDoctorDemoTests;
			packageProductDependencies = (
			);
			productName = SnoreDoctorDemoTests;
			productReference = 96B49EC22DCFDB9300D779F9 /* SnoreDoctorDemoTests.xctest */;
			productType = "com.apple.product-type.bundle.unit-test";
		};
		96B49ECB2DCFDB9300D779F9 /* SnoreDoctorDemoUITests */ = {
			isa = PBXNativeTarget;
			buildConfigurationList = 96B49EDD2DCFDB9300D779F9 /* Build configuration list for PBXNativeTarget "SnoreDoctorDemoUITests" */;
			buildPhases = (
				96B49EC82DCFDB9300D779F9 /* Sources */,
				96B49EC92DCFDB9300D779F9 /* Frameworks */,
			);
			buildRules = (
			);
			dependencies = (
				96B49ECE2DCFDB9300D779F9 /* PBXTargetDependency */,
			);
			fileSystemSynchronizedGroups = (
				965991C82F5A2A2D00804ADA /* Bounces */,
				96B49ECF2DCFDB9300D779F9 /* SnoreDoctorDemoUITests */,
			);
			name = SnoreDoctorDemoUITests;
			packageProductDependencies = (
			);
			productName = SnoreDoctorDemoUITests;
			productReference = 96B49ECC2DCFDB9300D779F9 /* SnoreDoctorDemoUITests.xctest */;
			productType = "com.apple.product-type.bundle.ui-testing";
		};
/* End PBXNativeTarget section */

/* Begin PBXProject section */
		96B49EA42DCFDB9200D779F9 /* Project object */ = {
			isa = PBXProject;
			attributes = {
				BuildIndependentTargetsInParallel = 1;
				LastSwiftUpdateCheck = 1620;
				LastUpgradeCheck = 1620;
				ORGANIZATIONNAME = SinitPower.de;
				TargetAttributes = {
					96B49EAB2DCFDB9200D779F9 = {
						CreatedOnToolsVersion = 16.2;
					};
					96B49EC12DCFDB9300D779F9 = {
						CreatedOnToolsVersion = 16.2;
						TestTargetID = 96B49EAB2DCFDB9200D779F9;
					};
					96B49ECB2DCFDB9300D779F9 = {
						CreatedOnToolsVersion = 16.2;
						TestTargetID = 96B49EAB2DCFDB9200D779F9;
					};
				};
			};
			buildConfigurationList = 96B49EA72DCFDB9200D779F9 /* Build configuration list for PBXProject "SnoreDoctorDemo" */;
			developmentRegion = en;
			hasScannedForEncodings = 0;
			knownRegions = (
				en,
				Base,
				de,
			);
			mainGroup = 96B49EA32DCFDB9200D779F9;
			minimizedProjectReferenceProxies = 1;
			packageReferences = (
				96DF26012DF725B6003498DA /* XCRemoteSwiftPackageReference "MessagePack.swift" */,
			);
			preferredProjectObjectVersion = 77;
			productRefGroup = 96B49EAD2DCFDB9200D779F9 /* Products */;
			projectDirPath = "";
			projectRoot = "";
			targets = (
				96B49EAB2DCFDB9200D779F9 /* SnoreDoctorDemo */,
				96B49EC12DCFDB9300D779F9 /* SnoreDoctorDemoTests */,
				96B49ECB2DCFDB9300D779F9 /* SnoreDoctorDemoUITests */,
			);
		};
/* End PBXProject section */

/* Begin PBXResourcesBuildPhase section */
		968F98F02F19A8DB00C55380 /* Resources */ = {
			isa = PBXResourcesBuildPhase;
			buildActionMask = 2147483647;
			files = (
				968F99522F19A9C300C55380 /* README.md in Resources */,
				965992062F5A446000804ADA /* Assets.xcassets in Resources */,
				968F994F2F19A96F00C55380 /* Localizable.strings in Resources */,
				968F99542F19A9D200C55380 /* LICENSE in Resources */,
			);
			runOnlyForDeploymentPostprocessing = 0;
		};
		96B49EC02DCFDB9300D779F9 /* Resources */ = {
			isa = PBXResourcesBuildPhase;
			buildActionMask = 2147483647;
			files = (
			);
			runOnlyForDeploymentPostprocessing = 0;
		};
/* End PBXResourcesBuildPhase section */

/* Begin PBXSourcesBuildPhase section */
		96B49EA82DCFDB9200D779F9 /* Sources */ = {
			isa = PBXSourcesBuildPhase;
			buildActionMask = 2147483647;
			files = (
				967A5C942F632FCA00D9A5C6 /* FileManager+Extension.swift in Sources */,
				961CD85F2E0EEE9000542668 /* SnoreDoctorDataModel.xcdatamodeld in Sources */,
				96DA367C2E124039001D8F43 /* SoundEventPlaybackDelegate.swift in Sources */,
				96630FA92E2074BA00C80E1B /* AnalysisSettingsSection.swift in Sources */,
				967A5D9E2F63951000D9A5C6 /* View+Extension.swift in Sources */,
				964214292E1988E70021CCA5 /* CalendarView.swift in Sources */,
				967A5AF52F60DAD000D9A5C6 /* SnoreTrendLineChartView.swift in Sources */,
				967A5AFB2F60FBE700D9A5C6 /* HelpPopoverButton.swift in Sources */,
				967A5B002F60FCDB00D9A5C6 /* HelpDataFactory.swift in Sources */,
				967A5AF92F60DE0000D9A5C6 /* TrendPoint.swift in Sources */,
				966F70BA2E11CFA400331451 /* RecordingSession+CoreDataClass.swift in Sources */,
				96DA36702E123489001D8F43 /* SoundEventType.swift in Sources */,
				968F989C2F19A48500C55380 /* MySoundClassifier1.mlpackage in Sources */,
				96630FA72E20706E00C80E1B /* SnoreEvent+CoreDataClass.swift in Sources */,
				96DA366C2E12325B001D8F43 /* ChartColorProvider.swift in Sources */,
				96DA36802E125487001D8F43 /* SnoreDoctorEventNameHistogramView.swift in Sources */,
				9642141D2E1987E30021CCA5 /* DailySleepReportView.swift in Sources */,
				96DDD8D32E259D8D0076F298 /* LineChart.swift in Sources */,
				967A5E2A2F63A71E00D9A5C6 /* SessionTableViewCell.swift in Sources */,
				9642141E2E1987E30021CCA5 /* AudioEventHistogramView.swift in Sources */,
				96F681D82E2D950800841E70 /* AudioEngineManager.swift in Sources */,
				9642141F2E1987E30021CCA5 /* CalenderSleepReport.swift in Sources */,
				96630FB32E207B5D00C80E1B /* SettingSliderInt.swift in Sources */,
				96DDD8CB2E259D1D0076F298 /* ChartType.swift in Sources */,
				96DDD8D12E259D7E0076F298 /* BarChart.swift in Sources */,
				96F681D62E2D94FD00841E70 /* AudioRecorderManager.swift in Sources */,
				96DDD8CD2E259D350076F298 /* SnoreEventChartContent.swift in Sources */,
				96C8DE802E280FA900549E31 /* SessionDetailReport.swift in Sources */,
				96630FAF2E20756E00C80E1B /* AudioRecordingSection.swift in Sources */,
				965992042F5A36EA00804ADA /* PlaybackSettingsSection.swift in Sources */,
				961CD8862E0F5A6A00542668 /* SoundEvent+CoreDataClass.swift in Sources */,
				F5C5C7B42E1729EF00D8B49A /* String+Extensions.swift in Sources */,
				96F682062E2D980B00841E70 /* AudioPlaybackViewModel.swift in Sources */,
				967A5AF72F60DAFC00D9A5C6 /* SnoreHeatmapView.swift in Sources */,
				96EF9E442F4B138F00420506 /* SummaryCard.swift in Sources */,
				96DA367E2E124072001D8F43 /* SoundEventListView.swift in Sources */,
				96DA36462E122736001D8F43 /* SnoreAnalysisReport.swift in Sources */,
				96BDA72F2E12042D00DB5364 /* EventMarker.swift in Sources */,
				96630FB12E20757B00C80E1B /* DataManagementSection.swift in Sources */,
				967A5AFE2F60FCCF00D9A5C6 /* HelpDefinition.swift in Sources */,
				967A5E272F63A4F900D9A5C6 /* AppFormatters.swift in Sources */,
				96F682342E30355E00841E70 /* AudioAnalysisError.swift in Sources */,
				968D4DC62F22F056001A382E /* AudioPlaybackManager.swift in Sources */,
				969D3DC32EA2DC2C007767DA /* SnoreEventListView.swift in Sources */,
				96630FAB2E2074CA00C80E1B /* PostProcessingSection.swift in Sources */,
				96DDD8D52E259D9C0076F298 /* BoxPlotChart.swift in Sources */,
				964214212E19882F0021CCA5 /* Date+Extensions.swift in Sources */,
				968CD78A2E11B145009F5DB2 /* SettingsView.swift in Sources */,
				967FD9A12F199A42000B1E50 /* ESC50_Model.mlpackage in Sources */,
				96DA36672E122F70001D8F43 /* SoundEvent+Extensions.swift in Sources */,
				96DDD8CF2E259D710076F298 /* ScatterChart.swift in Sources */,
				96A24B092ECD3AF40072C1B9 /* SoundRecognitionManager.swift in Sources */,
				967A5AF32F60DA6100D9A5C6 /* SnoreEventBarChartViewContent.swift in Sources */,
				96EF9E462F4B155300420506 /* SessionSidebarListView.swift in Sources */,
				96630FAD2E2074D900C80E1B /* SettingSliderDouble.swift in Sources */,
				968CD78E2E11B445009F5DB2 /* AppSettings.swift in Sources */,
			);
			runOnlyForDeploymentPostprocessing = 0;
		};
		96B49EBE2DCFDB9300D779F9 /* Sources */ = {
			isa = PBXSourcesBuildPhase;
			buildActionMask = 2147483647;
			files = (
				967A5D9F2F63951000D9A5C6 /* View+Extension.swift in Sources */,
				967A5C922F632FCA00D9A5C6 /* FileManager+Extension.swift in Sources */,
				967A5E262F63A4F900D9A5C6 /* AppFormatters.swift in Sources */,
			);
			runOnlyForDeploymentPostprocessing = 0;
		};
		96B49EC82DCFDB9300D779F9 /* Sources */ = {
			isa = PBXSourcesBuildPhase;
			buildActionMask = 2147483647;
			files = (
				967A5C932F632FCA00D9A5C6 /* FileManager+Extension.swift in Sources */,
				967A5E282F63A4F900D9A5C6 /* AppFormatters.swift in Sources */,
				967A5DA02F63951000D9A5C6 /* View+Extension.swift in Sources */,
			);
			runOnlyForDeploymentPostprocessing = 0;
		};
/* End PBXSourcesBuildPhase section */

/* Begin PBXTargetDependency section */
		96B49EC42DCFDB9300D779F9 /* PBXTargetDependency */ = {
			isa = PBXTargetDependency;
			target = 96B49EAB2DCFDB9200D779F9 /* SnoreDoctorDemo */;
			targetProxy = 96B49EC32DCFDB9300D779F9 /* PBXContainerItemProxy */;
		};
		96B49ECE2DCFDB9300D779F9 /* PBXTargetDependency */ = {
			isa = PBXTargetDependency;
			target = 96B49EAB2DCFDB9200D779F9 /* SnoreDoctorDemo */;
			targetProxy = 96B49ECD2DCFDB9300D779F9 /* PBXContainerItemProxy */;
		};
/* End PBXTargetDependency section */

/* Begin PBXVariantGroup section */
		F5C5C7AD2E17278D00D8B49A /* Localizable.strings */ = {
			isa = PBXVariantGroup;
			children = (
				F5C5C7AE2E17278D00D8B49A /* en */,
				F5C5C7B02E17279700D8B49A /* de */,
			);
			name = Localizable.strings;
			sourceTree = "<group>";
		};
/* End PBXVariantGroup section */

/* Begin XCBuildConfiguration section */
		96B49ED62DCFDB9300D779F9 /* Debug */ = {
			isa = XCBuildConfiguration;
			buildSettings = {
				ASSETCATALOG_COMPILER_APPICON_NAME = AppIcon;
				ASSETCATALOG_COMPILER_GLOBAL_ACCENT_COLOR_NAME = AccentColor;
				CODE_SIGN_ENTITLEMENTS = SnoreDoctorDemo/SnoreDoctorDemo.entitlements;
				CODE_SIGN_STYLE = Automatic;
				CURRENT_PROJECT_VERSION = 1;
				DEVELOPMENT_TEAM = ZZYE6PCN4J;
				GENERATE_INFOPLIST_FILE = YES;
				INFOPLIST_FILE = SnoreDoctorDemo/Info.plist;
				INFOPLIST_KEY_CFBundleDisplayName = SnoreDoctor;
				INFOPLIST_KEY_LSApplicationCategoryType = "public.app-category.healthcare-fitness";
				INFOPLIST_KEY_NSMicrophoneUsageDescription = "This app needs access to your microphone to analyze sounds and classify them in real-time.";
				INFOPLIST_KEY_UIApplicationSupportsIndirectInputEvents = YES;
				INFOPLIST_KEY_UILaunchStoryboardName = LaunchScreen;
				INFOPLIST_KEY_UIMainStoryboardFile = Main;
				INFOPLIST_KEY_UISupportedInterfaceOrientations_iPad = "UIInterfaceOrientationPortrait UIInterfaceOrientationPortraitUpsideDown UIInterfaceOrientationLandscapeLeft UIInterfaceOrientationLandscapeRight";
				INFOPLIST_KEY_UISupportedInterfaceOrientations_iPhone = "UIInterfaceOrientationPortrait UIInterfaceOrientationLandscapeLeft UIInterfaceOrientationLandscapeRight";
				IPHONEOS_DEPLOYMENT_TARGET = 17.6;
				LD_RUNPATH_SEARCH_PATHS = (
					"$(inherited)",
					"@executable_path/Frameworks",
				);
				MARKETING_VERSION = 1.0;
				PRODUCT_BUNDLE_IDENTIFIER = de.sinitpower.SnoreDoctorDemo;
				PRODUCT_NAME = "$(TARGET_NAME)";
				SUPPORTED_PLATFORMS = "iphoneos iphonesimulator";
				SUPPORTS_MACCATALYST = NO;
				SUPPORTS_XR_DESIGNED_FOR_IPHONE_IPAD = NO;
				SWIFT_EMIT_LOC_STRINGS = YES;
				SWIFT_VERSION = 5.0;
				TARGETED_DEVICE_FAMILY = "1,2";
			};
			name = Debug;
		};
		96B49ED72DCFDB9300D779F9 /* Release */ = {
			isa = XCBuildConfiguration;
			buildSettings = {
				ASSETCATALOG_COMPILER_APPICON_NAME = AppIcon;
				ASSETCATALOG_COMPILER_GLOBAL_ACCENT_COLOR_NAME = AccentColor;
				CODE_SIGN_ENTITLEMENTS = SnoreDoctorDemo/SnoreDoctorDemo.entitlements;
				CODE_SIGN_IDENTITY = "Apple Development";
				CODE_SIGN_STYLE = Automatic;
				CURRENT_PROJECT_VERSION = 1;
				DEVELOPMENT_TEAM = ZZYE6PCN4J;
				GENERATE_INFOPLIST_FILE = YES;
				INFOPLIST_FILE = SnoreDoctorDemo/Info.plist;
				INFOPLIST_KEY_CFBundleDisplayName = SnoreDoctor;
				INFOPLIST_KEY_LSApplicationCategoryType = "public.app-category.healthcare-fitness";
				INFOPLIST_KEY_NSMicrophoneUsageDescription = "This app needs access to your microphone to analyze sounds and classify them in real-time.";
				INFOPLIST_KEY_UIApplicationSupportsIndirectInputEvents = YES;
				INFOPLIST_KEY_UILaunchStoryboardName = LaunchScreen;
				INFOPLIST_KEY_UIMainStoryboardFile = Main;
				INFOPLIST_KEY_UISupportedInterfaceOrientations_iPad = "UIInterfaceOrientationPortrait UIInterfaceOrientationPortraitUpsideDown UIInterfaceOrientationLandscapeLeft UIInterfaceOrientationLandscapeRight";
				INFOPLIST_KEY_UISupportedInterfaceOrientations_iPhone = "UIInterfaceOrientationPortrait UIInterfaceOrientationLandscapeLeft UIInterfaceOrientationLandscapeRight";
				IPHONEOS_DEPLOYMENT_TARGET = 17.6;
				LD_RUNPATH_SEARCH_PATHS = (
					"$(inherited)",
					"@executable_path/Frameworks",
				);
				MARKETING_VERSION = 1.0;
				PRODUCT_BUNDLE_IDENTIFIER = de.sinitpower.SnoreDoctorDemo;
				PRODUCT_NAME = "$(TARGET_NAME)";
				PROVISIONING_PROFILE_SPECIFIER = "";
				SUPPORTED_PLATFORMS = "iphoneos iphonesimulator";
				SUPPORTS_MACCATALYST = NO;
				SUPPORTS_XR_DESIGNED_FOR_IPHONE_IPAD = NO;
				SWIFT_EMIT_LOC_STRINGS = YES;
				SWIFT_VERSION = 5.0;
				TARGETED_DEVICE_FAMILY = "1,2";
			};
			name = Release;
		};
		96B49ED82DCFDB9300D779F9 /* Debug */ = {
			isa = XCBuildConfiguration;
			buildSettings = {
				ALWAYS_SEARCH_USER_PATHS = NO;
				ASSETCATALOG_COMPILER_GENERATE_SWIFT_ASSET_SYMBOL_EXTENSIONS = YES;
				CLANG_ANALYZER_LOCALIZABILITY_NONLOCALIZED = YES;
				CLANG_ANALYZER_NONNULL = YES;
				CLANG_ANALYZER_NUMBER_OBJECT_CONVERSION = YES_AGGRESSIVE;
				CLANG_CXX_LANGUAGE_STANDARD = "gnu++20";
				CLANG_ENABLE_MODULES = YES;
				CLANG_ENABLE_OBJC_ARC = YES;
				CLANG_ENABLE_OBJC_WEAK = YES;
				CLANG_WARN_BLOCK_CAPTURE_AUTORELEASING = YES;
				CLANG_WARN_BOOL_CONVERSION = YES;
				CLANG_WARN_COMMA = YES;
				CLANG_WARN_CONSTANT_CONVERSION = YES;
				CLANG_WARN_DEPRECATED_OBJC_IMPLEMENTATIONS = YES;
				CLANG_WARN_DIRECT_OBJC_ISA_USAGE = YES_ERROR;
				CLANG_WARN_DOCUMENTATION_COMMENTS = YES;
				CLANG_WARN_EMPTY_BODY = YES;
				CLANG_WARN_ENUM_CONVERSION = YES;
				CLANG_WARN_INFINITE_RECURSION = YES;
				CLANG_WARN_INT_CONVERSION = YES;
				CLANG_WARN_NON_LITERAL_NULL_CONVERSION = YES;
				CLANG_WARN_OBJC_IMPLICIT_RETAIN_SELF = YES;
				CLANG_WARN_OBJC_LITERAL_CONVERSION = YES;
				CLANG_WARN_OBJC_ROOT_CLASS = YES_ERROR;
				CLANG_WARN_QUOTED_INCLUDE_IN_FRAMEWORK_HEADER = YES;
				CLANG_WARN_RANGE_LOOP_ANALYSIS = YES;
				CLANG_WARN_STRICT_PROTOTYPES = YES;
				CLANG_WARN_SUSPICIOUS_MOVE = YES;
				CLANG_WARN_UNGUARDED_AVAILABILITY = YES_AGGRESSIVE;
				CLANG_WARN_UNREACHABLE_CODE = YES;
				CLANG_WARN__DUPLICATE_METHOD_MATCH = YES;
				COPY_PHASE_STRIP = NO;
				DEBUG_INFORMATION_FORMAT = dwarf;
				ENABLE_STRICT_OBJC_MSGSEND = YES;
				ENABLE_TESTABILITY = YES;
				ENABLE_USER_SCRIPT_SANDBOXING = YES;
				GCC_C_LANGUAGE_STANDARD = gnu17;
				GCC_DYNAMIC_NO_PIC = NO;
				GCC_NO_COMMON_BLOCKS = YES;
				GCC_OPTIMIZATION_LEVEL = 0;
				GCC_PREPROCESSOR_DEFINITIONS = (
					"DEBUG=1",
					"$(inherited)",
				);
				GCC_WARN_64_TO_32_BIT_CONVERSION = YES;
				GCC_WARN_ABOUT_RETURN_TYPE = YES_ERROR;
				GCC_WARN_UNDECLARED_SELECTOR = YES;
				GCC_WARN_UNINITIALIZED_AUTOS = YES_AGGRESSIVE;
				GCC_WARN_UNUSED_FUNCTION = YES;
				GCC_WARN_UNUSED_VARIABLE = YES;
				IPHONEOS_DEPLOYMENT_TARGET = 17.6;
				LOCALIZATION_PREFERS_STRING_CATALOGS = YES;
				MTL_ENABLE_DEBUG_INFO = INCLUDE_SOURCE;
				MTL_FAST_MATH = YES;
				ONLY_ACTIVE_ARCH = YES;
				SDKROOT = iphoneos;
				SWIFT_ACTIVE_COMPILATION_CONDITIONS = "DEBUG $(inherited)";
				SWIFT_OPTIMIZATION_LEVEL = "-Onone";
			};
			name = Debug;
		};
		96B49ED92DCFDB9300D779F9 /* Release */ = {
			isa = XCBuildConfiguration;
			buildSettings = {
				ALWAYS_SEARCH_USER_PATHS = NO;
				ASSETCATALOG_COMPILER_GENERATE_SWIFT_ASSET_SYMBOL_EXTENSIONS = YES;
				CLANG_ANALYZER_LOCALIZABILITY_NONLOCALIZED = YES;
				CLANG_ANALYZER_NONNULL = YES;
				CLANG_ANALYZER_NUMBER_OBJECT_CONVERSION = YES_AGGRESSIVE;
				CLANG_CXX_LANGUAGE_STANDARD = "gnu++20";
				CLANG_ENABLE_MODULES = YES;
				CLANG_ENABLE_OBJC_ARC = YES;
				CLANG_ENABLE_OBJC_WEAK = YES;
				CLANG_WARN_BLOCK_CAPTURE_AUTORELEASING = YES;
				CLANG_WARN_BOOL_CONVERSION = YES;
				CLANG_WARN_COMMA = YES;
				CLANG_WARN_CONSTANT_CONVERSION = YES;
				CLANG_WARN_DEPRECATED_OBJC_IMPLEMENTATIONS = YES;
				CLANG_WARN_DIRECT_OBJC_ISA_USAGE = YES_ERROR;
				CLANG_WARN_DOCUMENTATION_COMMENTS = YES;
				CLANG_WARN_EMPTY_BODY = YES;
				CLANG_WARN_ENUM_CONVERSION = YES;
				CLANG_WARN_INFINITE_RECURSION = YES;
				CLANG_WARN_INT_CONVERSION = YES;
				CLANG_WARN_NON_LITERAL_NULL_CONVERSION = YES;
				CLANG_WARN_OBJC_IMPLICIT_RETAIN_SELF = YES;
				CLANG_WARN_OBJC_LITERAL_CONVERSION = YES;
				CLANG_WARN_OBJC_ROOT_CLASS = YES_ERROR;
				CLANG_WARN_QUOTED_INCLUDE_IN_FRAMEWORK_HEADER = YES;
				CLANG_WARN_RANGE_LOOP_ANALYSIS = YES;
				CLANG_WARN_STRICT_PROTOTYPES = YES;
				CLANG_WARN_SUSPICIOUS_MOVE = YES;
				CLANG_WARN_UNGUARDED_AVAILABILITY = YES_AGGRESSIVE;
				CLANG_WARN_UNREACHABLE_CODE = YES;
				CLANG_WARN__DUPLICATE_METHOD_MATCH = YES;
				COPY_PHASE_STRIP = NO;
				DEBUG_INFORMATION_FORMAT = "dwarf-with-dsym";
				ENABLE_NS_ASSERTIONS = NO;
				ENABLE_STRICT_OBJC_MSGSEND = YES;
				ENABLE_USER_SCRIPT_SANDBOXING = YES;
				GCC_C_LANGUAGE_STANDARD = gnu17;
				GCC_NO_COMMON_BLOCKS = YES;
				GCC_WARN_64_TO_32_BIT_CONVERSION = YES;
				GCC_WARN_ABOUT_RETURN_TYPE = YES_ERROR;
				GCC_WARN_UNDECLARED_SELECTOR = YES;
				GCC_WARN_UNINITIALIZED_AUTOS = YES_AGGRESSIVE;
				GCC_WARN_UNUSED_FUNCTION = YES;
				GCC_WARN_UNUSED_VARIABLE = YES;
				IPHONEOS_DEPLOYMENT_TARGET = 17.6;
				LOCALIZATION_PREFERS_STRING_CATALOGS = YES;
				MTL_ENABLE_DEBUG_INFO = NO;
				MTL_FAST_MATH = YES;
				SDKROOT = iphoneos;
				SWIFT_COMPILATION_MODE = wholemodule;
				VALIDATE_PRODUCT = YES;
			};
			name = Release;
		};
		96B49EDB2DCFDB9300D779F9 /* Debug */ = {
			isa = XCBuildConfiguration;
			buildSettings = {
				BUNDLE_LOADER = "$(TEST_HOST)";
				CODE_SIGN_STYLE = Automatic;
				CURRENT_PROJECT_VERSION = 1;
				DEVELOPMENT_TEAM = REN224BC53;
				GENERATE_INFOPLIST_FILE = YES;
				IPHONEOS_DEPLOYMENT_TARGET = 18.2;
				MARKETING_VERSION = 1.0;
				PRODUCT_BUNDLE_IDENTIFIER = de.sinitpower.SnoreDoctorDemoTests;
				PRODUCT_NAME = "$(TARGET_NAME)";
				SWIFT_EMIT_LOC_STRINGS = NO;
				SWIFT_VERSION = 5.0;
				TARGETED_DEVICE_FAMILY = "1,2";
				TEST_HOST = "$(BUILT_PRODUCTS_DIR)/SnoreDoctorDemo.app/$(BUNDLE_EXECUTABLE_FOLDER_PATH)/SnoreDoctorDemo";
			};
			name = Debug;
		};
		96B49EDC2DCFDB9300D779F9 /* Release */ = {
			isa = XCBuildConfiguration;
			buildSettings = {
				BUNDLE_LOADER = "$(TEST_HOST)";
				CODE_SIGN_STYLE = Automatic;
				CURRENT_PROJECT_VERSION = 1;
				DEVELOPMENT_TEAM = REN224BC53;
				GENERATE_INFOPLIST_FILE = YES;
				IPHONEOS_DEPLOYMENT_TARGET = 18.2;
				MARKETING_VERSION = 1.0;
				PRODUCT_BUNDLE_IDENTIFIER = de.sinitpower.SnoreDoctorDemoTests;
				PRODUCT_NAME = "$(TARGET_NAME)";
				SWIFT_EMIT_LOC_STRINGS = NO;
				SWIFT_VERSION = 5.0;
				TARGETED_DEVICE_FAMILY = "1,2";
				TEST_HOST = "$(BUILT_PRODUCTS_DIR)/SnoreDoctorDemo.app/$(BUNDLE_EXECUTABLE_FOLDER_PATH)/SnoreDoctorDemo";
			};
			name = Release;
		};
		96B49EDE2DCFDB9300D779F9 /* Debug */ = {
			isa = XCBuildConfiguration;
			buildSettings = {
				CODE_SIGN_STYLE = Automatic;
				CURRENT_PROJECT_VERSION = 1;
				DEVELOPMENT_TEAM = REN224BC53;
				"EXCLUDED_SOURCE_FILE_NAMES[arch=*]" = "*.py";
				GENERATE_INFOPLIST_FILE = YES;
				MARKETING_VERSION = 1.0;
				PRODUCT_BUNDLE_IDENTIFIER = de.sinitpower.SnoreDoctorDemoUITests;
				PRODUCT_NAME = "$(TARGET_NAME)";
				SWIFT_EMIT_LOC_STRINGS = NO;
				SWIFT_VERSION = 5.0;
				TARGETED_DEVICE_FAMILY = "1,2";
				TEST_TARGET_NAME = SnoreDoctorDemo;
			};
			name = Debug;
		};
		96B49EDF2DCFDB9300D779F9 /* Release */ = {
			isa = XCBuildConfiguration;
			buildSettings = {
				CODE_SIGN_STYLE = Automatic;
				CURRENT_PROJECT_VERSION = 1;
				DEVELOPMENT_TEAM = REN224BC53;
				"EXCLUDED_SOURCE_FILE_NAMES[arch=*]" = "*.py";
				GENERATE_INFOPLIST_FILE = YES;
				MARKETING_VERSION = 1.0;
				PRODUCT_BUNDLE_IDENTIFIER = de.sinitpower.SnoreDoctorDemoUITests;
				PRODUCT_NAME = "$(TARGET_NAME)";
				SWIFT_EMIT_LOC_STRINGS = NO;
				SWIFT_VERSION = 5.0;
				TARGETED_DEVICE_FAMILY = "1,2";
				TEST_TARGET_NAME = SnoreDoctorDemo;
			};
			name = Release;
		};
/* End XCBuildConfiguration section */

/* Begin XCConfigurationList section */
		96B49EA72DCFDB9200D779F9 /* Build configuration list for PBXProject "SnoreDoctorDemo" */ = {
			isa = XCConfigurationList;
			buildConfigurations = (
				96B49ED82DCFDB9300D779F9 /* Debug */,
				96B49ED92DCFDB9300D779F9 /* Release */,
			);
			defaultConfigurationIsVisible = 0;
			defaultConfigurationName = Release;
		};
		96B49ED52DCFDB9300D779F9 /* Build configuration list for PBXNativeTarget "SnoreDoctorDemo" */ = {
			isa = XCConfigurationList;
			buildConfigurations = (
				96B49ED62DCFDB9300D779F9 /* Debug */,
				96B49ED72DCFDB9300D779F9 /* Release */,
			);
			defaultConfigurationIsVisible = 0;
			defaultConfigurationName = Release;
		};
		96B49EDA2DCFDB9300D779F9 /* Build configuration list for PBXNativeTarget "SnoreDoctorDemoTests" */ = {
			isa = XCConfigurationList;
			buildConfigurations = (
				96B49EDB2DCFDB9300D779F9 /* Debug */,
				96B49EDC2DCFDB9300D779F9 /* Release */,
			);
			defaultConfigurationIsVisible = 0;
			defaultConfigurationName = Release;
		};
		96B49EDD2DCFDB9300D779F9 /* Build configuration list for PBXNativeTarget "SnoreDoctorDemoUITests" */ = {
			isa = XCConfigurationList;
			buildConfigurations = (
				96B49EDE2DCFDB9300D779F9 /* Debug */,
				96B49EDF2DCFDB9300D779F9 /* Release */,
			);
			defaultConfigurationIsVisible = 0;
			defaultConfigurationName = Release;
		};
/* End XCConfigurationList section */

/* Begin XCRemoteSwiftPackageReference section */
		96DF26012DF725B6003498DA /* XCRemoteSwiftPackageReference "MessagePack.swift" */ = {
			isa = XCRemoteSwiftPackageReference;
			repositoryURL = "https://github.com/a2/MessagePack.swift.git";
			requirement = {
				kind = upToNextMajorVersion;
				minimumVersion = 4.0.0;
			};
		};
/* End XCRemoteSwiftPackageReference section */

/* Begin XCSwiftPackageProductDependency section */
		96DF26022DF725B6003498DA /* MessagePack */ = {
			isa = XCSwiftPackageProductDependency;
			package = 96DF26012DF725B6003498DA /* XCRemoteSwiftPackageReference "MessagePack.swift" */;
			productName = MessagePack;
		};
/* End XCSwiftPackageProductDependency section */

/* Begin XCVersionGroup section */
		961CD85D2E0EEE9000542668 /* SnoreDoctorDataModel.xcdatamodeld */ = {
			isa = XCVersionGroup;
			children = (
				961CD85E2E0EEE9000542668 /* SnoreDoctorDataModel.xcdatamodel */,
			);
			currentVersion = 961CD85E2E0EEE9000542668 /* SnoreDoctorDataModel.xcdatamodel */;
			path = SnoreDoctorDataModel.xcdatamodeld;
			sourceTree = "<group>";
			versionGroupType = wrapper.xcdatamodel;
		};
/* End XCVersionGroup section */
	};
	rootObject = 96B49EA42DCFDB9200D779F9 /* Project object */;
}
